
Microsoft Visual Studio Solution File, Format Version 12.00
# Visual Studio Version 17
VisualStudioVersion = 17.9.34714.143
MinimumVisualStudioVersion = 10.0.40219.1
Project("{FAE04EC0-301F-11D3-BF4B-00C04F79EFBC}") = "Application", "Application\Application.csproj", "{192036E8-C36C-4F4F-B02B-24ACCACD5BD7}"
EndProject
Project("{FAE04EC0-301F-11D3-BF4B-00C04F79EFBC}") = "Infrastructure", "Infrastructure\Infrastructure.csproj", "{72552A1F-DE25-471A-98E6-4828A2522434}"
EndProject
Project("{FAE04EC0-301F-11D3-BF4B-00C04F79EFBC}") = "Domain", "Domain\Domain.csproj", "{CB191C91-7780-4AA9-844D-60CAD7F1C9C3}"
EndProject
Project("{FAE04EC0-301F-11D3-BF4B-00C04F79EFBC}") = "API", "API\API.csproj", "{939C6035-90AC-4D79-B685-3B4B4C868995}"
EndProject
Project("{2150E333-8FDC-42A3-9474-1A3956D46DE8}") = "tests", "tests", "{3088A581-86F9-40E2-9892-2E72AC05B725}"
EndProject
Global
	GlobalSection(SolutionConfigurationPlatforms) = preSolution
		Debug|Any CPU = Debug|Any CPU
		Release|Any CPU = Release|Any CPU
	EndGlobalSection
	GlobalSection(ProjectConfigurationPlatforms) = postSolution
		{192036E8-C36C-4F4F-B02B-24ACCACD5BD7}.Debug|Any CPU.ActiveCfg = Debug|Any CPU
		{192036E8-C36C-4F4F-B02B-24ACCACD5BD7}.Debug|Any CPU.Build.0 = Debug|Any CPU
		{192036E8-C36C-4F4F-B02B-24ACCACD5BD7}.Release|Any CPU.ActiveCfg = Release|Any CPU
		{192036E8-C36C-4F4F-B02B-24ACCACD5BD7}.Release|Any CPU.Build.0 = Release|Any CPU
		{72552A1F-DE25-471A-98E6-4828A2522434}.Debug|Any CPU.ActiveCfg = Debug|Any CPU
		{72552A1F-DE25-471A-98E6-4828A2522434}.Debug|Any CPU.Build.0 = Debug|Any CPU
		{72552A1F-DE25-471A-98E6-4828A2522434}.Release|Any CPU.ActiveCfg = Release|Any CPU
		{72552A1F-DE25-471A-98E6-4828A2522434}.Release|Any CPU.Build.0 = Release|Any CPU
		{CB191C91-7780-4AA9-844D-60CAD7F1C9C3}.Debug|Any CPU.ActiveCfg = Debug|Any CPU
		{CB191C91-7780-4AA9-844D-60CAD7F1C9C3}.Debug|Any CPU.Build.0 = Debug|Any CPU
		{CB191C91-7780-4AA9-844D-60CAD7F1C9C3}.Release|Any CPU.ActiveCfg = Release|Any CPU
		{CB191C91-7780-4AA9-844D-60CAD7F1C9C3}.Release|Any CPU.Build.0 = Release|Any CPU
		{939C6035-90AC-4D79-B685-3B4B4C868995}.Debug|Any CPU.ActiveCfg = Debug|Any CPU
		{939C6035-90AC-4D79-B685-3B4B4C868995}.Debug|Any CPU.Build.0 = Debug|Any CPU
		{939C6035-90AC-4D79-B685-3B4B4C868995}.Release|Any CPU.ActiveCfg = Release|Any CPU
		{939C6035-90AC-4D79-B685-3B4B4C868995}.Release|Any CPU.Build.0 = Release|Any CPU
	EndGlobalSection
	GlobalSection(SolutionProperties) = preSolution
		HideSolutionNode = FALSE
	EndGlobalSection
	GlobalSection(ExtensibilityGlobals) = postSolution
		SolutionGuid = {FD2A061D-3CB7-4C92-B457-048166A80C6F}
	EndGlobalSection
EndGlobal

eyJhbGciOiJIUzUxMiIsInR5cCI6IkpXVCJ9.eyJuYW1laWQiOiIxOSIsInVuaXF1ZV9uYW1lIjoic3RyaW5nZXIiLCJyb2xlIjoiVHJhdmVsbGVyIiwibmJmIjoxNzE1NjE2NDQxLCJleHAiOjE3MTYwNDg0NDEsImlhdCI6MTcxNTYxNjQ0MX0.jGHpNRmKpPVmyacf6mVK_6gV5DkbQsf9_B9yeLbbmzMT45m1G_4vrVYhRVQDBrYWIxq1v5sNlSQwm5-W4zTHBQ
